# This file is autogenerated, do not edit; changes may be undone by the next 'dep ensure'.


[[projects]]
  digest = "1:e0499b93857a1b91efbdc0c21e26f1130685de98035008f3b01eeeb0713798cb"
  name = "github.com/BurntSushi/toml"
  packages = ["."]
  pruneopts = "NUT"
  revision = "b26d9c308763d68093482582cea63d69be07a0f0"
  version = "v0.3.0"

[[projects]]
  digest = "1:40948327b6631b9b5c7bb55acb55bd1cad78ffbfa9d81642e90ffdcb1d487443"
  name = "github.com/OneOfOne/xxhash"
  packages = ["."]
  pruneopts = "NUT"
  revision = "6def279d2ce6c81a79dd1c1be580f03bb216fb8a"
  version = "v1.2.2"

[[projects]]
  branch = "master"
  digest = "1:707ebe952a8b3d00b343c01536c79c73771d100f63ec6babeaed5c79e2b8a8dd"
  name = "github.com/beorn7/perks"
  packages = ["quantile"]
  pruneopts = "NUT"
  revision = "3a771d992973f24aa725d07868b467d1ddfceafb"

[[projects]]
  branch = "master"
  digest = "1:ad87504ef74b1c36880f9287126dbc8dc4146d86acf902dd776ac6064cc75396"
  name = "github.com/btcsuite/btcd"
  packages = ["btcec"]
  pruneopts = "NUT"
  revision = "79e00513b1011888b1e675157ab89f527f901cae"

[[projects]]
  branch = "master"
  digest = "1:96f90d432e58964e281f5e4d4683699a472b39517d5b38b39df422523ebb5bd2"
  name = "github.com/cep21/xdgbasedir"
  packages = ["."]
  pruneopts = "NUT"
  revision = "21470bfc93b9903bce0beaebb037b1d04d0be523"

[[projects]]
  digest = "1:ffe9824d294da03b391f44e1ae8281281b4afc1bdaa9588c9097785e3af10cec"
  name = "github.com/davecgh/go-spew"
  packages = ["spew"]
  pruneopts = "NUT"
  revision = "8991bc29aa16c548c550c7ff78260e27b9ab7c73"
  version = "v1.1.1"

[[projects]]
  digest = "1:4f0ac2a7cc350b14c72a9de0de046b908482d6f16183c8570ee4d6e17adc6a94"
  name = "github.com/eapache/channels"
  packages = ["."]
  pruneopts = "NUT"
  revision = "47238d5aae8c0fefd518ef2bee46290909cf8263"
  version = "v1.1.0"

[[projects]]
  digest = "1:0d36a2b325b9e75f8057f7f9fbe778d348d70ba652cb9335485b69d1a5c4e038"
  name = "github.com/eapache/queue"
  packages = ["."]
  pruneopts = "NUT"
  revision = "44cc805cf13205b55f69e14bcb69867d1ae92f98"
  version = "v1.1.0"

[[projects]]
  digest = "1:294576320c5093015ca9130ed928c84b2fdc8b9db6d136505a513795f3a64e3e"
  name = "github.com/ebuchman/fail-test"
  packages = ["."]
  pruneopts = "NUT"
  revision = "95f809107225be108efcf10a3509e4ea6ceef3c4"

[[projects]]
  digest = "1:2c03593aec9fa7d6969dc7295c636b46369ec2dd45dcf4acfb298281d62528ff"
  name = "github.com/go-kit/kit"
  packages = [
    "log",
    "log/level",
    "log/term",
    "metrics",
    "metrics/discard",
    "metrics/internal/lv",
    "metrics/prometheus",
  ]
  pruneopts = "NUT"
  revision = "4dc7be5d2d12881735283bcab7352178e190fc71"
  version = "v0.6.0"

[[projects]]
  digest = "1:341a7df38da99fe91ed40e4008c13cc5d02dcc98ed1a094360cb7d5df26d6d26"
  name = "github.com/go-logfmt/logfmt"
  packages = ["."]
  pruneopts = "NUT"
  revision = "390ab7935ee28ec6b286364bba9b4dd6410cb3d5"
  version = "v0.3.0"

[[projects]]
  digest = "1:037073f7ae4a51c2899bf630960aaa6e28228ceb7762772097cdb6246cf26bca"
  name = "github.com/go-ozzo/ozzo-validation"
  packages = ["."]
  pruneopts = "NUT"
  revision = "9d6782aa52aad2ec5f3ea5af63b7dc4bc5192c40"
  version = "v3.4.0"

[[projects]]
  digest = "1:91358b3a314c1ddfd4d6445ca9c1fb846842c31c153e626730594b3c95f73f4a"
  name = "github.com/go-stack/stack"
  packages = ["."]
  pruneopts = "NUT"
  revision = "2fee6af1a9795aafbe0253a0cfbdf668e1fb8a9a"
  version = "v1.8.0"

[[projects]]
  digest = "1:2211d71875b876b34862435bd24a0fb85a5d3a787a6090505d5551c6a1768c7f"
  name = "github.com/gogo/protobuf"
  packages = [
    "gogoproto",
    "jsonpb",
    "proto",
    "protoc-gen-gogo/descriptor",
    "sortkeys",
    "types",
  ]
  pruneopts = "NUT"
  revision = "636bf0302bc95575d69441b25a2603156ffdddf1"
  version = "v1.1.1"

[[projects]]
  digest = "1:713cc7628304d027a7e9edcb52da888a8912d6405250a8d9c8eff6f41dd54398"
  name = "github.com/golang/protobuf"
  packages = [
    "proto",
    "ptypes",
    "ptypes/any",
    "ptypes/duration",
    "ptypes/timestamp",
  ]
  pruneopts = "NUT"
  revision = "b4deda0973fb4c70b50d226b1af49f3da59f5265"
  version = "v1.1.0"

[[projects]]
  branch = "master"
  digest = "1:7f114b78210bf5b75f307fc97cff293633c835bab1e0ea8a744a44b39c042dfe"
  name = "github.com/golang/snappy"
  packages = ["."]
  pruneopts = "NUT"
  revision = "2e65f85255dbc3072edf28d6b5b8efc472979f5a"

[[projects]]
  digest = "1:3b708ebf63bfa9ba3313bedb8526bc0bb284e51474e65e958481476a9d4a12aa"
  name = "github.com/gorilla/websocket"
  packages = ["."]
  pruneopts = "NUT"
  revision = "ea4d1f681babbce9545c9c5f3d5194a789c89f5b"
  version = "v1.2.0"

[[projects]]
  branch = "develop"
  digest = "1:2d8dd7732ba52a677ca03d65b8e8bf9486420d3cd738711451f7bb017b24a860"
  name = "github.com/hyperledger/burrow"
  packages = [
    "acm",
    "acm/balance",
    "acm/state",
    "acm/validator",
    "bcm",
    "binary",
    "config",
    "config/source",
    "consensus/tendermint",
    "consensus/tendermint/abci",
    "consensus/tendermint/codes",
    "core",
    "crypto",
    "deploy/compile",
    "event",
    "event/pubsub",
    "event/query",
    "execution",
    "execution/contexts",
    "execution/errors",
    "execution/evm",
    "execution/evm/abi",
    "execution/evm/asm",
    "execution/evm/asm/bc",
    "execution/evm/sha3",
    "execution/exec",
    "execution/names",
    "genesis",
    "genesis/spec",
    "integration",
    "keys",
    "keys/mock",
    "logging",
    "logging/adapters/stdlib",
    "logging/errors",
    "logging/lifecycle",
    "logging/logconfig",
    "logging/loggers",
    "logging/structure",
    "permission",
    "process",
    "project",
    "rpc",
    "rpc/lib/server",
    "rpc/lib/types",
    "rpc/metrics",
    "rpc/rpcevents",
    "rpc/rpcinfo",
    "rpc/rpcquery",
    "rpc/rpctransact",
    "sync",
    "txs",
    "txs/payload",
  ]
  pruneopts = "T"
  revision = "700d9bda0d16393d4ba552d2c92b86d3f1af68f1"

[[projects]]
  digest = "1:9a52adf44086cead3b384e5d0dbf7a1c1cce65e67552ee3383a8561c42a18cd3"
  name = "github.com/imdario/mergo"
  packages = ["."]
  pruneopts = "NUT"
  revision = "9f23e2d6bd2a77f959b2bf6acdbefd708a83a4a4"
  version = "v0.3.6"

[[projects]]
  digest = "1:406338ad39ab2e37b7f4452906442a3dbf0eb3379dd1f06aafb5c07e769a5fbb"
  name = "github.com/inconshreveable/mousetrap"
  packages = ["."]
  pruneopts = "NUT"
  revision = "76626ae9c91c4f2a10f34cad8ce83ea42c93bb75"
  version = "v1.0"

[[projects]]
  branch = "master"
  digest = "1:3d24306f696fc55f4773ba2ea288be218ca725b572e714483e65de169c731845"
  name = "github.com/jmhodges/levigo"
  packages = ["."]
  pruneopts = "NUT"
  revision = "c42d9e0ca023e2198120196f842701bb4c55d7b9"

[[projects]]
  branch = "master"
  digest = "1:f91bb67d051a94cf6ab2cf07eee0550432afc31655838d42cdec258db4b348f0"
  name = "github.com/kr/logfmt"
  packages = ["."]
  pruneopts = "NUT"
  revision = "b84e30acd515aadc4b783ad4ff83aff3299bdfe0"

[[projects]]
  digest = "1:21ac3d8478acac9dc270ec06ea7f2868e0396ec9f8055f159c12488f8de5c72c"
  name = "github.com/lib/pq"
  packages = [
    ".",
    "oid",
  ]
  pruneopts = "NUT"
  revision = "4ded0e9383f75c197b3a2aaa6d590ac52df6fd79"
  version = "v1.0.0"

[[projects]]
  digest = "1:5985ef4caf91ece5d54817c11ea25f182697534f8ae6521eadcd628c142ac4b6"
  name = "github.com/matttproud/golang_protobuf_extensions"
  packages = ["pbutil"]
  pruneopts = "NUT"
  revision = "c12348ce28de40eed0136aa2b644d0ee0650e56c"
  version = "v1.0.1"

[[projects]]
  digest = "1:9a3c7cb3b6be10c156b8ac4f69bcf0bdf483b6e601005505e254958eeb599281"
  name = "github.com/monax/relic"
  packages = ["."]
  pruneopts = "NUT"
  revision = "b713bcb44ab7888328eb63f609abd21e111ff9d5"
  version = "v2.0.0"

[[projects]]
  digest = "1:5cf3f025cbee5951a4ee961de067c8a89fc95a5adabead774f82822efabab121"
  name = "github.com/pkg/errors"
  packages = ["."]
  pruneopts = "NUT"
  revision = "645ef00459ed84a119197bfb8d8205042c6df63d"
  version = "v0.8.0"

[[projects]]
  digest = "1:0028cb19b2e4c3112225cd871870f2d9cf49b9b4276531f03438a88e94be86fe"
  name = "github.com/pmezard/go-difflib"
  packages = ["difflib"]
  pruneopts = "NUT"
  revision = "792786c7400a136282c1664665ae0a8db921c6c2"
  version = "v1.0.0"

[[projects]]
  digest = "1:76463f8d9f141bb3673ccece5fb0d1d0f9588395e94d01253667db733f865b18"
  name = "github.com/prometheus/client_golang"
  packages = [
    "prometheus",
    "prometheus/promhttp",
  ]
  pruneopts = "NUT"
  revision = "ae27198cdd90bf12cd134ad79d1366a6cf49f632"

[[projects]]
  branch = "master"
  digest = "1:0f37e09b3e92aaeda5991581311f8dbf38944b36a3edec61cc2d1991f527554a"
  name = "github.com/prometheus/client_model"
  packages = ["go"]
  pruneopts = "NUT"
  revision = "5c3871d89910bfb32f5fcab2aa4b9ec68e65a99f"

[[projects]]
  branch = "master"
  digest = "1:edddf4ceb3a45778dfbb9364f128fffd92ea9bd6abd70edf1474f56565832682"
  name = "github.com/prometheus/common"
  packages = [
    "expfmt",
    "internal/bitbucket.org/ww/goautoneg",
    "model",
  ]
  pruneopts = "NUT"
  revision = "c7de2306084e37d54b8be01f3541a8464345e9a5"

[[projects]]
  branch = "master"
  digest = "1:37e418257b05a9e9fabbf836df2d8f3613313e80a909da6b9597b759ebca61cd"
  name = "github.com/prometheus/procfs"
  packages = [
    ".",
    "internal/util",
    "nfs",
    "xfs",
  ]
  pruneopts = "NUT"
  revision = "05ee40e3a273f7245e8777337fc7b46e533a9a92"

[[projects]]
  digest = "1:b2339e83ce9b5c4f79405f949429a7f68a9a904fed903c672aac1e7ceb7f5f02"
  name = "github.com/sirupsen/logrus"
  packages = ["."]
  pruneopts = "NUT"
  revision = "3e01752db0189b9157070a0e1668a620f9a85da2"
  version = "v1.0.6"

[[projects]]
  digest = "1:2c3b60fc961b7ddca4336bb7bb39146cb73ea2ad73d4afc6b4ffea05571e712a"
  name = "github.com/spf13/cobra"
  packages = ["."]
  pruneopts = "NUT"
  revision = "ef82de70bb3f60c65fb8eebacbb2d122ef517385"
  version = "v0.0.3"

[[projects]]
  digest = "1:e3707aeaccd2adc89eba6c062fec72116fe1fc1ba71097da85b4d8ae1668a675"
  name = "github.com/spf13/pflag"
  packages = ["."]
  pruneopts = "NUT"
  revision = "9a97c102cda95a86cec2345a6f09f55a939babf5"
  version = "v1.0.2"

[[projects]]
  branch = "master"
  digest = "1:47201ae9986674849b91deb7eb8c5625d84b387ff1ae161a4ae3eb62779217cb"
  name = "github.com/streadway/simpleuuid"
  packages = ["."]
  pruneopts = "NUT"
  revision = "6617b501e485b77e61b98cd533aefff9e258b5a7"

[[projects]]
  digest = "1:a7cb71e7cef4a320ae6d91424df8f991ed4161aede6dea7ba8d8f3af1b589a6c"
  name = "github.com/stretchr/testify"
  packages = [
    "assert",
    "require",
  ]
  pruneopts = "NUT"
  revision = "f35b8ab0b5a2cef36673838d662e249dd9c94686"
  version = "v1.2.2"

[[projects]]
  branch = "master"
  digest = "1:442d2ffa75ffae302ce8800bf4144696b92bef02917923ea132ce2d39efe7d65"
  name = "github.com/syndtr/goleveldb"
  packages = [
    "leveldb",
    "leveldb/cache",
    "leveldb/comparer",
    "leveldb/errors",
    "leveldb/filter",
    "leveldb/iterator",
    "leveldb/journal",
    "leveldb/memdb",
    "leveldb/opt",
    "leveldb/storage",
    "leveldb/table",
    "leveldb/util",
  ]
  pruneopts = "NUT"
  revision = "ae2bd5eed72d46b28834ec3f60db3a3ebedd8dbd"

[[projects]]
  branch = "master"
  digest = "1:203b409c21115233a576f99e8f13d8e07ad82b25500491f7e1cca12588fb3232"
  name = "github.com/tendermint/ed25519"
  packages = [
    ".",
    "edwards25519",
    "extra25519",
  ]
  pruneopts = "NUT"
  revision = "d8387025d2b9d158cf4efb07e7ebf814bcce2057"

[[projects]]
  digest = "1:0fbb744c7842baaec7f5b2e0eb9814668bf34c4eb3c4fe6fc9ac856a937a5eff"
  name = "github.com/tendermint/go-amino"
  packages = ["."]
  pruneopts = "NUT"
  revision = "2106ca61d91029c931fd54968c2bb02dc96b1412"
  version = "0.10.1"

[[projects]]
  digest = "1:76c7684f6ff9b92dd8f934ad853838e207ab4b7d68927f95f5ba785d8bea56d2"
  name = "github.com/tendermint/iavl"
  packages = ["."]
  pruneopts = "NUT"
  revision = "e5726c0066ccdd299a2ec9262f93c7896cdfcd87"
  version = "v0.10.0"

[[projects]]
  digest = "1:5b6f157e3253cb9da0a10de9d1681070bb8c83f20e818547a1d083fea78ac7c1"
  name = "github.com/tendermint/tendermint"
  packages = [
    "abci/client",
    "abci/example/code",
    "abci/example/kvstore",
    "abci/types",
    "blockchain",
    "config",
    "consensus",
    "consensus/types",
    "crypto",
    "crypto/ed25519",
    "crypto/encoding/amino",
    "crypto/merkle",
    "crypto/secp256k1",
    "crypto/tmhash",
    "evidence",
    "libs/autofile",
    "libs/clist",
    "libs/common",
    "libs/db",
    "libs/events",
    "libs/flowrate",
    "libs/log",
    "libs/pubsub",
    "libs/pubsub/query",
    "mempool",
    "node",
    "p2p",
    "p2p/conn",
    "p2p/pex",
    "p2p/upnp",
    "privval",
    "proxy",
    "rpc/core",
    "rpc/core/types",
    "rpc/grpc",
    "rpc/lib",
    "rpc/lib/server",
    "rpc/lib/types",
    "state",
    "state/txindex",
    "state/txindex/kv",
    "state/txindex/null",
    "types",
    "version",
  ]
  pruneopts = "NUT"
  revision = "013b9cef642f875634c614019ab13b17570778ad"
  version = "v0.23.0"

[[projects]]
  branch = "master"
  digest = "1:8f326b9b29560f9e661f6f692a66b8b30db788bdb8550b3e5791ed3ee607e4d7"
  name = "github.com/tmthrgd/asm"
  packages = ["."]
  pruneopts = "NUT"
  revision = "409546f4138f9ab0bd9b5fe426f362daeff840ec"

[[projects]]
  branch = "master"
  digest = "1:acef19f6a48ca48abc8c7213ebcdcccd98e644114ad644a4b91b9134fdbc3b41"
  name = "github.com/tmthrgd/go-hex"
  packages = ["."]
  pruneopts = "NUT"
  revision = "d1fb3dbb16a1d00be1dec2027f83714c7bd920f1"

[[projects]]
  branch = "master"
  digest = "1:696c1d5d00f28f81e4a7347c81722204481a6467ac6046cfe40f9cdebdce658f"
  name = "golang.org/x/crypto"
  packages = [
    "chacha20poly1305",
    "curve25519",
    "ed25519",
    "ed25519/internal/edwards25519",
    "hkdf",
    "internal/chacha20",
    "internal/subtle",
    "nacl/box",
    "nacl/secretbox",
    "pbkdf2",
    "poly1305",
    "ripemd160",
    "salsa20/salsa",
    "scrypt",
    "ssh/terminal",
  ]
  pruneopts = "NUT"
  revision = "614d502a4dac94afa3a6ce146bd1736da82514c6"

[[projects]]
  digest = "1:15dbe437d38eb2103f6b55348758958a6f85a400ecc16fcb53b3f271d38cd8ea"
  name = "golang.org/x/net"
  packages = [
    "context",
    "http/httpguts",
    "http2",
    "http2/hpack",
    "idna",
    "internal/timeseries",
    "netutil",
    "trace",
  ]
  pruneopts = "NUT"
  revision = "292b43bbf7cb8d35ddf40f8d5100ef3837cced3f"

[[projects]]
  branch = "master"
  digest = "1:ae13ce080264d010a1a1461878457c43bff15f762543961975dfd646e0afb19e"
  name = "golang.org/x/sys"
  packages = [
    "cpu",
    "unix",
    "windows",
  ]
  pruneopts = "NUT"
  revision = "d99a578cf41bfccdeaf48b0845c823a4b8b0ad5e"

[[projects]]
  digest = "1:a0f29009397dc27c9dc8440f0945d49e5cbb9b72d0b0fc745474d9bfdea2d9f8"
  name = "golang.org/x/text"
  packages = [
    "collate",
    "collate/build",
    "internal/colltab",
    "internal/gen",
    "internal/tag",
    "internal/triegen",
    "internal/ucd",
    "language",
    "secure/bidirule",
    "transform",
    "unicode/bidi",
    "unicode/cldr",
    "unicode/norm",
    "unicode/rangetable",
  ]
  pruneopts = "NUT"
  revision = "f21a4dfb5e38f5895301dc265a8def02365cc3d0"
  version = "v0.3.0"

[[projects]]
  branch = "master"
  digest = "1:077c1c599507b3b3e9156d17d36e1e61928ee9b53a5b420f10f28ebd4a0b275c"
  name = "google.golang.org/genproto"
  packages = ["googleapis/rpc/status"]
  pruneopts = "NUT"
  revision = "c66870c02cf823ceb633bcd05be3c7cda29976f4"

[[projects]]
  digest = "1:f778941d5c2e46da5e0f5d553d3e80bf70eb40d2e80bb4c649b625b9133f3d5f"
  name = "google.golang.org/grpc"
  packages = [
    ".",
    "balancer",
    "balancer/base",
    "balancer/roundrobin",
    "codes",
    "connectivity",
    "credentials",
    "encoding",
    "encoding/proto",
    "grpclog",
    "internal",
    "internal/backoff",
    "internal/channelz",
    "internal/grpcrand",
    "keepalive",
    "metadata",
    "naming",
    "peer",
    "resolver",
    "resolver/dns",
    "resolver/passthrough",
    "stats",
    "status",
    "tap",
    "transport",
  ]
  pruneopts = "NUT"
  revision = "168a6198bcb0ef175f7dacec0b8691fc141dc9b8"
  version = "v1.13.0"

[solve-meta]
  analyzer-name = "dep"
  analyzer-version = 1
  input-imports = [
    "github.com/go-kit/kit/log",
    "github.com/go-kit/kit/log/level",
    "github.com/go-ozzo/ozzo-validation",
    "github.com/hyperledger/burrow/binary",
    "github.com/hyperledger/burrow/core",
    "github.com/hyperledger/burrow/crypto",
    "github.com/hyperledger/burrow/event",
    "github.com/hyperledger/burrow/event/query",
    "github.com/hyperledger/burrow/execution/evm/abi",
    "github.com/hyperledger/burrow/execution/exec",
    "github.com/hyperledger/burrow/integration",
    "github.com/hyperledger/burrow/rpc/rpcevents",
    "github.com/hyperledger/burrow/rpc/rpctransact",
    "github.com/hyperledger/burrow/txs/payload",
    "github.com/lib/pq",
    "github.com/pkg/errors",
    "github.com/spf13/cobra",
    "github.com/stretchr/testify/require",
    "github.com/tmthrgd/go-hex",
    "google.golang.org/grpc",
  ]
  solver-name = "gps-cdcl"
  solver-version = 1
